
Microsoft Visual Studio Solution File, Format Version 12.00
# Visual Studio Version 17
VisualStudioVersion = 17.3.32901.215
MinimumVisualStudioVersion = 10.0.40219.1
Project("{FAE04EC0-301F-11D3-BF4B-00C04F79EFBC}") = "form15", "form15\form15.csproj", "{61A0CBB9-2EFC-4162-BB58-0BCF8BA7AC07}"
EndProject
Global
	GlobalSection(SolutionConfigurationPlatforms) = preSolution
		Debug|Any CPU = Debug|Any CPU
		Release|Any CPU = Release|Any CPU
	EndGlobalSection
	GlobalSection(ProjectConfigurationPlatforms) = postSolution
		{61A0CBB9-2EFC-4162-BB58-0BCF8BA7AC07}.Debug|Any CPU.ActiveCfg = Debug|Any CPU
		{61A0CBB9-2EFC-4162-BB58-0BCF8BA7AC07}.Debug|Any CPU.Build.0 = Debug|Any CPU
		{61A0CBB9-2EFC-4162-BB58-0BCF8BA7AC07}.Release|Any CPU.ActiveCfg = Release|Any CPU
		{61A0CBB9-2EFC-4162-BB58-0BCF8BA7AC07}.Release|Any CPU.Build.0 = Release|Any CPU
	EndGlobalSection
	GlobalSection(SolutionProperties) = preSolution
		HideSolutionNode = FALSE
	EndGlobalSection
	GlobalSection(ExtensibilityGlobals) = postSolution
		SolutionGuid = {6B6B8D3A-FE06-443A-96C0-3E9C8AE98702}
	EndGlobalSection
EndGlobal
